
Microsoft Visual Studio Solution File, Format Version 12.00
# Visual Studio Version 17
VisualStudioVersion = 17.4.33110.190
MinimumVisualStudioVersion = 10.0.40219.1
Project("{9A19103F-16F7-4668-BE54-9A1E7A4F7556}") = "PhotoGrabber", "PhotoGrabber.csproj", "{E4864B96-630C-4EFA-A0AF-FB6332D112F6}"
EndProject
Project("{54435603-DBB4-11D2-8724-00A0C9A8B90C}") = "Setup1", "..\PhotoGrabberSetup1\Setup1\Setup1.vdproj", "{50067F34-F153-46D6-AFD3-3906DFB9F945}"
EndProject
Global
	GlobalSection(SolutionConfigurationPlatforms) = preSolution
		Debug|Any CPU = Debug|Any CPU
		Release|Any CPU = Release|Any CPU
	EndGlobalSection
	GlobalSection(ProjectConfigurationPlatforms) = postSolution
		{E4864B96-630C-4EFA-A0AF-FB6332D112F6}.Debug|Any CPU.ActiveCfg = Debug|Any CPU
		{E4864B96-630C-4EFA-A0AF-FB6332D112F6}.Debug|Any CPU.Build.0 = Debug|Any CPU
		{E4864B96-630C-4EFA-A0AF-FB6332D112F6}.Release|Any CPU.ActiveCfg = Release|Any CPU
		{E4864B96-630C-4EFA-A0AF-FB6332D112F6}.Release|Any CPU.Build.0 = Release|Any CPU
		{50067F34-F153-46D6-AFD3-3906DFB9F945}.Debug|Any CPU.ActiveCfg = Debug
		{50067F34-F153-46D6-AFD3-3906DFB9F945}.Release|Any CPU.ActiveCfg = Release
	EndGlobalSection
	GlobalSection(SolutionProperties) = preSolution
		HideSolutionNode = FALSE
	EndGlobalSection
	GlobalSection(ExtensibilityGlobals) = postSolution
		SolutionGuid = {CF429B1F-9792-4EFA-A9EF-07A112ACBD00}
	EndGlobalSection
EndGlobal
